# This file is automatically @generated by Cargo.
# It is not intended for manual editing.
version = 3

[[package]]
name = "cap-n-proto-addressbook"
version = "0.1.0"
dependencies = [
 "capnp",
 "capnpc",
]

[[package]]
name = "capnp"
version = "0.14.11"
source = "registry+https://github.com/rust-lang/crates.io-index"
checksum = "2dca085c2c7d9d65ad749d450b19b551efaa8e3476a439bdca07aca8533097f3"

[[package]]
name = "capnpc"
version = "0.14.9"
source = "registry+https://github.com/rust-lang/crates.io-index"
checksum = "bdc9f1dc84666d4ff007b1a16c8f97db80764a624625979be05d869bcff43aaa"
dependencies = [
 "capnp",
]
