
Microsoft Visual Studio Solution File, Format Version 10.00
# Visual Studio 2008
Project("{8BC9CEB8-8B4A-11D0-8D11-00A0C91BC942}") = "utils", "utils\utils.vcproj", "{06E1C649-F608-4E4F-BDBE-DC3E741CC96F}"
EndProject
Project("{8BC9CEB8-8B4A-11D0-8D11-00A0C91BC942}") = "tcp", "tcp\tcp.vcproj", "{D366BAEC-AE39-4D95-979A-22699676D7D5}"
EndProject
Project("{8BC9CEB8-8B4A-11D0-8D11-00A0C91BC942}") = "rsa", "rsa\rsa.vcproj", "{32A47A92-0221-440C-9BFC-DC57348B726D}"
EndProject
Project("{8BC9CEB8-8B4A-11D0-8D11-00A0C91BC942}") = "quictls_openssl", "quictls_openssl\quictls_openssl.vcproj", "{94174690-DB03-4A9D-8D4E-FAD6A31A3139}"
EndProject
Project("{8BC9CEB8-8B4A-11D0-8D11-00A0C91BC942}") = "socket", "socket\socket.vcproj", "{71937435-E581-42DE-ABD9-4272005701D0}"
EndProject
Project("{8BC9CEB8-8B4A-11D0-8D11-00A0C91BC942}") = "hzw", "hzw\hzw.vcproj", "{CD5A1D5B-2FC0-4D1A-A292-A948029FB6CC}"
EndProject
Project("{8BC9CEB8-8B4A-11D0-8D11-00A0C91BC942}") = "hzw_test", "hzw_test\hzw_test.vcproj", "{A6D82CC9-868A-472B-A399-6F5E667DB5C2}"
	ProjectSection(ProjectDependencies) = postProject
		{CD5A1D5B-2FC0-4D1A-A292-A948029FB6CC} = {CD5A1D5B-2FC0-4D1A-A292-A948029FB6CC}
	EndProjectSection
EndProject
Project("{8BC9CEB8-8B4A-11D0-8D11-00A0C91BC942}") = "thread", "thread\thread.vcproj", "{A54B4F1C-5A2D-481F-BEB8-6EACBE0A033C}"
EndProject
Global
	GlobalSection(SolutionConfigurationPlatforms) = preSolution
		Debug|Win32 = Debug|Win32
		Release|Win32 = Release|Win32
	EndGlobalSection
	GlobalSection(ProjectConfigurationPlatforms) = postSolution
		{06E1C649-F608-4E4F-BDBE-DC3E741CC96F}.Debug|Win32.ActiveCfg = Debug|Win32
		{06E1C649-F608-4E4F-BDBE-DC3E741CC96F}.Debug|Win32.Build.0 = Debug|Win32
		{06E1C649-F608-4E4F-BDBE-DC3E741CC96F}.Release|Win32.ActiveCfg = Release|Win32
		{06E1C649-F608-4E4F-BDBE-DC3E741CC96F}.Release|Win32.Build.0 = Release|Win32
		{D366BAEC-AE39-4D95-979A-22699676D7D5}.Debug|Win32.ActiveCfg = Debug|Win32
		{D366BAEC-AE39-4D95-979A-22699676D7D5}.Debug|Win32.Build.0 = Debug|Win32
		{D366BAEC-AE39-4D95-979A-22699676D7D5}.Release|Win32.ActiveCfg = Release|Win32
		{D366BAEC-AE39-4D95-979A-22699676D7D5}.Release|Win32.Build.0 = Release|Win32
		{32A47A92-0221-440C-9BFC-DC57348B726D}.Debug|Win32.ActiveCfg = Debug|Win32
		{32A47A92-0221-440C-9BFC-DC57348B726D}.Debug|Win32.Build.0 = Debug|Win32
		{32A47A92-0221-440C-9BFC-DC57348B726D}.Release|Win32.ActiveCfg = Release|Win32
		{32A47A92-0221-440C-9BFC-DC57348B726D}.Release|Win32.Build.0 = Release|Win32
		{94174690-DB03-4A9D-8D4E-FAD6A31A3139}.Debug|Win32.ActiveCfg = Debug|Win32
		{94174690-DB03-4A9D-8D4E-FAD6A31A3139}.Debug|Win32.Build.0 = Debug|Win32
		{94174690-DB03-4A9D-8D4E-FAD6A31A3139}.Release|Win32.ActiveCfg = Release|Win32
		{94174690-DB03-4A9D-8D4E-FAD6A31A3139}.Release|Win32.Build.0 = Release|Win32
		{71937435-E581-42DE-ABD9-4272005701D0}.Debug|Win32.ActiveCfg = Debug|Win32
		{71937435-E581-42DE-ABD9-4272005701D0}.Debug|Win32.Build.0 = Debug|Win32
		{71937435-E581-42DE-ABD9-4272005701D0}.Release|Win32.ActiveCfg = Release|Win32
		{71937435-E581-42DE-ABD9-4272005701D0}.Release|Win32.Build.0 = Release|Win32
		{CD5A1D5B-2FC0-4D1A-A292-A948029FB6CC}.Debug|Win32.ActiveCfg = Debug|Win32
		{CD5A1D5B-2FC0-4D1A-A292-A948029FB6CC}.Debug|Win32.Build.0 = Debug|Win32
		{CD5A1D5B-2FC0-4D1A-A292-A948029FB6CC}.Release|Win32.ActiveCfg = Release|Win32
		{CD5A1D5B-2FC0-4D1A-A292-A948029FB6CC}.Release|Win32.Build.0 = Release|Win32
		{A6D82CC9-868A-472B-A399-6F5E667DB5C2}.Debug|Win32.ActiveCfg = Debug|Win32
		{A6D82CC9-868A-472B-A399-6F5E667DB5C2}.Debug|Win32.Build.0 = Debug|Win32
		{A6D82CC9-868A-472B-A399-6F5E667DB5C2}.Release|Win32.ActiveCfg = Release|Win32
		{A6D82CC9-868A-472B-A399-6F5E667DB5C2}.Release|Win32.Build.0 = Release|Win32
		{A54B4F1C-5A2D-481F-BEB8-6EACBE0A033C}.Debug|Win32.ActiveCfg = Debug|Win32
		{A54B4F1C-5A2D-481F-BEB8-6EACBE0A033C}.Debug|Win32.Build.0 = Debug|Win32
		{A54B4F1C-5A2D-481F-BEB8-6EACBE0A033C}.Release|Win32.ActiveCfg = Release|Win32
		{A54B4F1C-5A2D-481F-BEB8-6EACBE0A033C}.Release|Win32.Build.0 = Release|Win32
	EndGlobalSection
	GlobalSection(SolutionProperties) = preSolution
		HideSolutionNode = FALSE
	EndGlobalSection
EndGlobal
