
Microsoft Visual Studio Solution File, Format Version 10.00
# Visual Studio 2008
Project("{8BC9CEB8-8B4A-11D0-8D11-00A0C91BC942}") = "simple", "simple\simple.vcproj", "{24A6A6FA-4980-40EB-BE30-D10129E5B8B3}"
	ProjectSection(ProjectDependencies) = postProject
		{203DF505-12DA-4399-9405-E3C5422CE4E6} = {203DF505-12DA-4399-9405-E3C5422CE4E6}
	EndProjectSection
EndProject
Project("{8BC9CEB8-8B4A-11D0-8D11-00A0C91BC942}") = "nanopb", "nanopb\nanopb.vcproj", "{203DF505-12DA-4399-9405-E3C5422CE4E6}"
EndProject
Global
	GlobalSection(SolutionConfigurationPlatforms) = preSolution
		Debug|Win32 = Debug|Win32
		Release|Win32 = Release|Win32
	EndGlobalSection
	GlobalSection(ProjectConfigurationPlatforms) = postSolution
		{24A6A6FA-4980-40EB-BE30-D10129E5B8B3}.Debug|Win32.ActiveCfg = Debug|Win32
		{24A6A6FA-4980-40EB-BE30-D10129E5B8B3}.Debug|Win32.Build.0 = Debug|Win32
		{24A6A6FA-4980-40EB-BE30-D10129E5B8B3}.Release|Win32.ActiveCfg = Release|Win32
		{24A6A6FA-4980-40EB-BE30-D10129E5B8B3}.Release|Win32.Build.0 = Release|Win32
		{203DF505-12DA-4399-9405-E3C5422CE4E6}.Debug|Win32.ActiveCfg = Debug|Win32
		{203DF505-12DA-4399-9405-E3C5422CE4E6}.Debug|Win32.Build.0 = Debug|Win32
		{203DF505-12DA-4399-9405-E3C5422CE4E6}.Release|Win32.ActiveCfg = Release|Win32
		{203DF505-12DA-4399-9405-E3C5422CE4E6}.Release|Win32.Build.0 = Release|Win32
	EndGlobalSection
	GlobalSection(SolutionProperties) = preSolution
		HideSolutionNode = FALSE
	EndGlobalSection
EndGlobal
